// !$*UTF8*$!
{
	archiveVersion = 1;
	classes = {
	};
	objectVersion = 50;
	objects = {

/* Begin PBXBuildFile section */
		00CDBB1825DDF99700874E9F /* AppDelegate.swift in Sources */ = {isa = PBXBuildFile; fileRef = 00CDBB1725DDF99700874E9F /* AppDelegate.swift */; };
		00CDBB1A25DDF99700874E9F /* SceneDelegate.swift in Sources */ = {isa = PBXBuildFile; fileRef = 00CDBB1925DDF99700874E9F /* SceneDelegate.swift */; };
		00CDBB1C25DDF99700874E9F /* ViewController.swift in Sources */ = {isa = PBXBuildFile; fileRef = 00CDBB1B25DDF99700874E9F /* ViewController.swift */; };
		00CDBB1F25DDF99700874E9F /* Main.storyboard in Resources */ = {isa = PBXBuildFile; fileRef = 00CDBB1D25DDF99700874E9F /* Main.storyboard */; };
		00CDBB2225DDF99700874E9F /* Apeos.xcdatamodeld in Sources */ = {isa = PBXBuildFile; fileRef = 00CDBB2025DDF99700874E9F /* Apeos.xcdatamodeld */; };
		00CDBB2425DDF99800874E9F /* Assets.xcassets in Resources */ = {isa = PBXBuildFile; fileRef = 00CDBB2325DDF99800874E9F /* Assets.xcassets */; };
		00CDBB2725DDF99800874E9F /* LaunchScreen.storyboard in Resources */ = {isa = PBXBuildFile; fileRef = 00CDBB2525DDF99800874E9F /* LaunchScreen.storyboard */; };
/* End PBXBuildFile section */

/* Begin PBXFileReference section */
		00CDBB1425DDF99700874E9F /* Apeos.app */ = {isa = PBXFileReference; explicitFileType = wrapper.application; includeInIndex = 0; path = Apeos.app; sourceTree = BUILT_PRODUCTS_DIR; };
		00CDBB1725DDF99700874E9F /* AppDelegate.swift */ = {isa = PBXFileReference; lastKnownFileType = sourcecode.swift; path = AppDelegate.swift; sourceTree = "<group>"; };
		00CDBB1925DDF99700874E9F /* SceneDelegate.swift */ = {isa = PBXFileReference; lastKnownFileType = sourcecode.swift; path = SceneDelegate.swift; sourceTree = "<group>"; };
		00CDBB1B25DDF99700874E9F /* ViewController.swift */ = {isa = PBXFileReference; lastKnownFileType = sourcecode.swift; path = ViewController.swift; sourceTree = "<group>"; };
		00CDBB1E25DDF99700874E9F /* Base */ = {isa = PBXFileReference; lastKnownFileType = file.storyboard; name = Base; path = Base.lproj/Main.storyboard; sourceTree = "<group>"; };
		00CDBB2125DDF99700874E9F /* Apeos.xcdatamodel */ = {isa = PBXFileReference; lastKnownFileType = wrapper.xcdatamodel; path = Apeos.xcdatamodel; sourceTree = "<group>"; };
		00CDBB2325DDF99800874E9F /* Assets.xcassets */ = {isa = PBXFileReference; lastKnownFileType = folder.assetcatalog; path = Assets.xcassets; sourceTree = "<group>"; };
		00CDBB2625DDF99800874E9F /* Base */ = {isa = PBXFileReference; lastKnownFileType = file.storyboard; name = Base; path = Base.lproj/LaunchScreen.storyboard; sourceTree = "<group>"; };
		00CDBB2825DDF99800874E9F /* Info.plist */ = {isa = PBXFileReference; lastKnownFileType = text.plist.xml; path = Info.plist; sourceTree = "<group>"; };
/* End PBXFileReference section */

/* Begin PBXFrameworksBuildPhase section */
		00CDBB1125DDF99700874E9F /* Frameworks */ = {
			isa = PBXFrameworksBuildPhase;
			buildActionMask = 2147483647;
			files = (
			);
			runOnlyForDeploymentPostprocessing = 0;
		};
/* End PBXFrameworksBuildPhase section */

/* Begin PBXGroup section */
		00CDBB0B25DDF99700874E9F = {
			isa = PBXGroup;
			children = (
				00CDBB1625DDF99700874E9F /* Apeos */,
				00CDBB1525DDF99700874E9F /* Products */,
			);
			sourceTree = "<group>";
		};
		00CDBB1525DDF99700874E9F /* Products */ = {
			isa = PBXGroup;
			children = (
				00CDBB1425DDF99700874E9F /* Apeos.app */,
			);
			name = Products;
			sourceTree = "<group>";
		};
		00CDBB1625DDF99700874E9F /* Apeos */ = {
			isa = PBXGroup;
			children = (
				00CDBB1725DDF99700874E9F /* AppDelegate.swift */,
				00CDBB1925DDF99700874E9F /* SceneDelegate.swift */,
				00CDBB1B25DDF99700874E9F /* ViewController.swift */,
				00CDBB1D25DDF99700874E9F /* Main.storyboard */,
				00CDBB2325DDF99800874E9F /* Assets.xcassets */,
				00CDBB2525DDF99800874E9F /* LaunchScreen.storyboard */,
				00CDBB2825DDF99800874E9F /* Info.plist */,
				00CDBB2025DDF99700874E9F /* Apeos.xcdatamodeld */,
			);
			path = Apeos;
			sourceTree = "<group>";
		};
/* End PBXGroup section */

/* Begin PBXNativeTarget section */
		00CDBB1325DDF99700874E9F /* Apeos */ = {
			isa = PBXNativeTarget;
			buildConfigurationList = 00CDBB2B25DDF99800874E9F /* Build configuration list for PBXNativeTarget "Apeos" */;
			buildPhases = (
				00CDBB1025DDF99700874E9F /* Sources */,
				00CDBB1125DDF99700874E9F /* Frameworks */,
				00CDBB1225DDF99700874E9F /* Resources */,
			);
			buildRules = (
			);
			dependencies = (
			);
			name = Apeos;
			productName = Apeos;
			productReference = 00CDBB1425DDF99700874E9F /* Apeos.app */;
			productType = "com.apple.product-type.application";
		};
/* End PBXNativeTarget section */

/* Begin PBXProject section */
		00CDBB0C25DDF99700874E9F /* Project object */ = {
			isa = PBXProject;
			attributes = {
				LastSwiftUpdateCheck = 1240;
				LastUpgradeCheck = 1240;
				TargetAttributes = {
					00CDBB1325DDF99700874E9F = {
						CreatedOnToolsVersion = 12.4;
					};
				};
			};
			buildConfigurationList = 00CDBB0F25DDF99700874E9F /* Build configuration list for PBXProject "Apeos" */;
			compatibilityVersion = "Xcode 9.3";
			developmentRegion = en;
			hasScannedForEncodings = 0;
			knownRegions = (
				en,
				Base,
			);
			mainGroup = 00CDBB0B25DDF99700874E9F;
			productRefGroup = 00CDBB1525DDF99700874E9F /* Products */;
			projectDirPath = "";
			projectRoot = "";
			targets = (
				00CDBB1325DDF99700874E9F /* Apeos */,
			);
		};
/* End PBXProject section */

/* Begin PBXResourcesBuildPhase section */
		00CDBB1225DDF99700874E9F /* Resources */ = {
			isa = PBXResourcesBuildPhase;
			buildActionMask = 2147483647;
			files = (
				00CDBB2725DDF99800874E9F /* LaunchScreen.storyboard in Resources */,
				00CDBB2425DDF99800874E9F /* Assets.xcassets in Resources */,
				00CDBB1F25DDF99700874E9F /* Main.storyboard in Resources */,
			);
			runOnlyForDeploymentPostprocessing = 0;
		};
/* End PBXResourcesBuildPhase section */

/* Begin PBXSourcesBuildPhase section */
		00CDBB1025DDF99700874E9F /* Sources */ = {
			isa = PBXSourcesBuildPhase;
			buildActionMask = 2147483647;
			files = (
				00CDBB1C25DDF99700874E9F /* ViewController.swift in Sources */,
				00CDBB1825DDF99700874E9F /* AppDelegate.swift in Sources */,
				00CDBB2225DDF99700874E9F /* Apeos.xcdatamodeld in Sources */,
				00CDBB1A25DDF99700874E9F /* SceneDelegate.swift in Sources */,
			);
			runOnlyForDeploymentPostprocessing = 0;
		};
/* End PBXSourcesBuildPhase section */

/* Begin PBXVariantGroup section */
		00CDBB1D25DDF99700874E9F /* Main.storyboard */ = {
			isa = PBXVariantGroup;
			children = (
				00CDBB1E25DDF99700874E9F /* Base */,
			);
			name = Main.storyboard;
			sourceTree = "<group>";
		};
		00CDBB2525DDF99800874E9F /* LaunchScreen.storyboard */ = {
			isa = PBXVariantGroup;
			children = (
				00CDBB2625DDF99800874E9F /* Base */,
			);
			name = LaunchScreen.storyboard;
			sourceTree = "<group>";
		};
/* End PBXVariantGroup section */

/* Begin XCBuildConfiguration section */
		00CDBB2925DDF99800874E9F /* Debug */ = {
			isa = XCBuildConfiguration;
			buildSettings = {
				ALWAYS_SEARCH_USER_PATHS = NO;
				CLANG_ANALYZER_NONNULL = YES;
				CLANG_ANALYZER_NUMBER_OBJECT_CONVERSION = YES_AGGRESSIVE;
				CLANG_CXX_LANGUAGE_STANDARD = "gnu++14";
				CLANG_CXX_LIBRARY = "libc++";
				CLANG_ENABLE_MODULES = YES;
				CLANG_ENABLE_OBJC_ARC = YES;
				CLANG_ENABLE_OBJC_WEAK = YES;
				CLANG_WARN_BLOCK_CAPTURE_AUTORELEASING = YES;
				CLANG_WARN_BOOL_CONVERSION = YES;
				CLANG_WARN_COMMA = YES;
				CLANG_WARN_CONSTANT_CONVERSION = YES;
				CLANG_WARN_DEPRECATED_OBJC_IMPLEMENTATIONS = YES;
				CLANG_WARN_DIRECT_OBJC_ISA_USAGE = YES_ERROR;
				CLANG_WARN_DOCUMENTATION_COMMENTS = YES;
				CLANG_WARN_EMPTY_BODY = YES;
				CLANG_WARN_ENUM_CONVERSION = YES;
				CLANG_WARN_INFINITE_RECURSION = YES;
				CLANG_WARN_INT_CONVERSION = YES;
				CLANG_WARN_NON_LITERAL_NULL_CONVERSION = YES;
				CLANG_WARN_OBJC_IMPLICIT_RETAIN_SELF = YES;
				CLANG_WARN_OBJC_LITERAL_CONVERSION = YES;
				CLANG_WARN_OBJC_ROOT_CLASS = YES_ERROR;
				CLANG_WARN_QUOTED_INCLUDE_IN_FRAMEWORK_HEADER = YES;
				CLANG_WARN_RANGE_LOOP_ANALYSIS = YES;
				CLANG_WARN_STRICT_PROTOTYPES = YES;
				CLANG_WARN_SUSPICIOUS_MOVE = YES;
				CLANG_WARN_UNGUARDED_AVAILABILITY = YES_AGGRESSIVE;
				CLANG_WARN_UNREACHABLE_CODE = YES;
				CLANG_WARN__DUPLICATE_METHOD_MATCH = YES;
				COPY_PHASE_STRIP = NO;
				DEBUG_INFORMATION_FORMAT = dwarf;
				ENABLE_STRICT_OBJC_MSGSEND = YES;
				ENABLE_TESTABILITY = YES;
				GCC_C_LANGUAGE_STANDARD = gnu11;
				GCC_DYNAMIC_NO_PIC = NO;
				GCC_NO_COMMON_BLOCKS = YES;
				GCC_OPTIMIZATION_LEVEL = 0;
				GCC_PREPROCESSOR_DEFINITIONS = (
					"DEBUG=1",
					"$(inherited)",
				);
				GCC_WARN_64_TO_32_BIT_CONVERSION = YES;
				GCC_WARN_ABOUT_RETURN_TYPE = YES_ERROR;
				GCC_WARN_UNDECLARED_SELECTOR = YES;
				GCC_WARN_UNINITIALIZED_AUTOS = YES_AGGRESSIVE;
				GCC_WARN_UNUSED_FUNCTION = YES;
				GCC_WARN_UNUSED_VARIABLE = YES;
				IPHONEOS_DEPLOYMENT_TARGET = 14.4;
				MTL_ENABLE_DEBUG_INFO = INCLUDE_SOURCE;
				MTL_FAST_MATH = YES;
				ONLY_ACTIVE_ARCH = YES;
				SDKROOT = iphoneos;
				SWIFT_ACTIVE_COMPILATION_CONDITIONS = DEBUG;
				SWIFT_OPTIMIZATION_LEVEL = "-Onone";
			};
			name = Debug;
		};
		00CDBB2A25DDF99800874E9F /* Release */ = {
			isa = XCBuildConfiguration;
			buildSettings = {
				ALWAYS_SEARCH_USER_PATHS = NO;
				CLANG_ANALYZER_NONNULL = YES;
				CLANG_ANALYZER_NUMBER_OBJECT_CONVERSION = YES_AGGRESSIVE;
				CLANG_CXX_LANGUAGE_STANDARD = "gnu++14";
				CLANG_CXX_LIBRARY = "libc++";
				CLANG_ENABLE_MODULES = YES;
				CLANG_ENABLE_OBJC_ARC = YES;
				CLANG_ENABLE_OBJC_WEAK = YES;
				CLANG_WARN_BLOCK_CAPTURE_AUTORELEASING = YES;
				CLANG_WARN_BOOL_CONVERSION = YES;
				CLANG_WARN_COMMA = YES;
				CLANG_WARN_CONSTANT_CONVERSION = YES;
				CLANG_WARN_DEPRECATED_OBJC_IMPLEMENTATIONS = YES;
				CLANG_WARN_DIRECT_OBJC_ISA_USAGE = YES_ERROR;
				CLANG_WARN_DOCUMENTATION_COMMENTS = YES;
				CLANG_WARN_EMPTY_BODY = YES;
				CLANG_WARN_ENUM_CONVERSION = YES;
				CLANG_WARN_INFINITE_RECURSION = YES;
				CLANG_WARN_INT_CONVERSION = YES;
				CLANG_WARN_NON_LITERAL_NULL_CONVERSION = YES;
				CLANG_WARN_OBJC_IMPLICIT_RETAIN_SELF = YES;
				CLANG_WARN_OBJC_LITERAL_CONVERSION = YES;
				CLANG_WARN_OBJC_ROOT_CLASS = YES_ERROR;
				CLANG_WARN_QUOTED_INCLUDE_IN_FRAMEWORK_HEADER = YES;
				CLANG_WARN_RANGE_LOOP_ANALYSIS = YES;
				CLANG_WARN_STRICT_PROTOTYPES = YES;
				CLANG_WARN_SUSPICIOUS_MOVE = YES;
				CLANG_WARN_UNGUARDED_AVAILABILITY = YES_AGGRESSIVE;
				CLANG_WARN_UNREACHABLE_CODE = YES;
				CLANG_WARN__DUPLICATE_METHOD_MATCH = YES;
				COPY_PHASE_STRIP = NO;
				DEBUG_INFORMATION_FORMAT = "dwarf-with-dsym";
				ENABLE_NS_ASSERTIONS = NO;
				ENABLE_STRICT_OBJC_MSGSEND = YES;
				GCC_C_LANGUAGE_STANDARD = gnu11;
				GCC_NO_COMMON_BLOCKS = YES;
				GCC_WARN_64_TO_32_BIT_CONVERSION = YES;
				GCC_WARN_ABOUT_RETURN_TYPE = YES_ERROR;
				GCC_WARN_UNDECLARED_SELECTOR = YES;
				GCC_WARN_UNINITIALIZED_AUTOS = YES_AGGRESSIVE;
				GCC_WARN_UNUSED_FUNCTION = YES;
				GCC_WARN_UNUSED_VARIABLE = YES;
				IPHONEOS_DEPLOYMENT_TARGET = 14.4;
				MTL_ENABLE_DEBUG_INFO = NO;
				MTL_FAST_MATH = YES;
				SDKROOT = iphoneos;
				SWIFT_COMPILATION_MODE = wholemodule;
				SWIFT_OPTIMIZATION_LEVEL = "-O";
				VALIDATE_PRODUCT = YES;
			};
			name = Release;
		};
		00CDBB2C25DDF99800874E9F /* Debug */ = {
			isa = XCBuildConfiguration;
			buildSettings = {
				ASSETCATALOG_COMPILER_APPICON_NAME = AppIcon;
				ASSETCATALOG_COMPILER_GLOBAL_ACCENT_COLOR_NAME = AccentColor;
				CODE_SIGN_STYLE = Automatic;
				DEVELOPMENT_TEAM = 7NLXNBJL35;
				INFOPLIST_FILE = Apeos/Info.plist;
				LD_RUNPATH_SEARCH_PATHS = (
					"$(inherited)",
					"@executable_path/Frameworks",
				);
				PRODUCT_BUNDLE_IDENTIFIER = com.vinicius.Apeos;
				PRODUCT_NAME = "$(TARGET_NAME)";
				SWIFT_VERSION = 5.0;
				TARGETED_DEVICE_FAMILY = "1,2";
			};
			name = Debug;
		};
		00CDBB2D25DDF99800874E9F /* Release */ = {
			isa = XCBuildConfiguration;
			buildSettings = {
				ASSETCATALOG_COMPILER_APPICON_NAME = AppIcon;
				ASSETCATALOG_COMPILER_GLOBAL_ACCENT_COLOR_NAME = AccentColor;
				CODE_SIGN_STYLE = Automatic;
				DEVELOPMENT_TEAM = 7NLXNBJL35;
				INFOPLIST_FILE = Apeos/Info.plist;
				LD_RUNPATH_SEARCH_PATHS = (
					"$(inherited)",
					"@executable_path/Frameworks",
				);
				PRODUCT_BUNDLE_IDENTIFIER = com.vinicius.Apeos;
				PRODUCT_NAME = "$(TARGET_NAME)";
				SWIFT_VERSION = 5.0;
				TARGETED_DEVICE_FAMILY = "1,2";
			};
			name = Release;
		};
/* End XCBuildConfiguration section */

/* Begin XCConfigurationList section */
		00CDBB0F25DDF99700874E9F /* Build configuration list for PBXProject "Apeos" */ = {
			isa = XCConfigurationList;
			buildConfigurations = (
				00CDBB2925DDF99800874E9F /* Debug */,
				00CDBB2A25DDF99800874E9F /* Release */,
			);
			defaultConfigurationIsVisible = 0;
			defaultConfigurationName = Release;
		};
		00CDBB2B25DDF99800874E9F /* Build configuration list for PBXNativeTarget "Apeos" */ = {
			isa = XCConfigurationList;
			buildConfigurations = (
				00CDBB2C25DDF99800874E9F /* Debug */,
				00CDBB2D25DDF99800874E9F /* Release */,
			);
			defaultConfigurationIsVisible = 0;
			defaultConfigurationName = Release;
		};
/* End XCConfigurationList section */

/* Begin XCVersionGroup section */
		00CDBB2025DDF99700874E9F /* Apeos.xcdatamodeld */ = {
			isa = XCVersionGroup;
			children = (
				00CDBB2125DDF99700874E9F /* Apeos.xcdatamodel */,
			);
			currentVersion = 00CDBB2125DDF99700874E9F /* Apeos.xcdatamodel */;
			path = Apeos.xcdatamodeld;
			sourceTree = "<group>";
			versionGroupType = wrapper.xcdatamodel;
		};
/* End XCVersionGroup section */
	};
	rootObject = 00CDBB0C25DDF99700874E9F /* Project object */;
}
