// !$*UTF8*$!
{
	archiveVersion = 1;
	classes = {
	};
	objectVersion = 52;
	objects = {

/* Begin PBXBuildFile section */
		0003328025DE034E001DF6FF /* NetworkCore.framework in Frameworks */ = {isa = PBXBuildFile; fileRef = 0003327F25DE034E001DF6FF /* NetworkCore.framework */; };
		0003328125DE034E001DF6FF /* NetworkCore.framework in Embed Frameworks */ = {isa = PBXBuildFile; fileRef = 0003327F25DE034E001DF6FF /* NetworkCore.framework */; settings = {ATTRIBUTES = (CodeSignOnCopy, RemoveHeadersOnCopy, ); }; };
		000333E825DE0CA6001DF6FF /* HeroesService.swift in Sources */ = {isa = PBXBuildFile; fileRef = 000333E725DE0CA6001DF6FF /* HeroesService.swift */; };
		0079285625DE1535004E4042 /* MarvelResponse.swift in Sources */ = {isa = PBXBuildFile; fileRef = 0079285525DE1535004E4042 /* MarvelResponse.swift */; };
		0079285825DE167C004E4042 /* MarvelData.swift in Sources */ = {isa = PBXBuildFile; fileRef = 0079285725DE167C004E4042 /* MarvelData.swift */; };
		0079285A25DE1684004E4042 /* Character.swift in Sources */ = {isa = PBXBuildFile; fileRef = 0079285925DE1684004E4042 /* Character.swift */; };
		0079285C25DE168C004E4042 /* Thumbnail.swift in Sources */ = {isa = PBXBuildFile; fileRef = 0079285B25DE168C004E4042 /* Thumbnail.swift */; };
		0079285E25DE16EA004E4042 /* HeroesInteractor.swift in Sources */ = {isa = PBXBuildFile; fileRef = 0079285D25DE16EA004E4042 /* HeroesInteractor.swift */; };
		008BEB9825E070290078E3C3 /* TableViewAdapter.swift in Sources */ = {isa = PBXBuildFile; fileRef = 008BEB9725E070290078E3C3 /* TableViewAdapter.swift */; };
		00A0145225E1AE1100EA4F1C /* FeedbackView.swift in Sources */ = {isa = PBXBuildFile; fileRef = 00A0145125E1AE1100EA4F1C /* FeedbackView.swift */; };
		00A015AE25E1E49800EA4F1C /* HeroesFavoritesInteractor.swift in Sources */ = {isa = PBXBuildFile; fileRef = 00A015AD25E1E49800EA4F1C /* HeroesFavoritesInteractor.swift */; };
		00A015B025E1E49F00EA4F1C /* HeroesFavoritesPresenter.swift in Sources */ = {isa = PBXBuildFile; fileRef = 00A015AF25E1E49F00EA4F1C /* HeroesFavoritesPresenter.swift */; };
		00A015B225E1E4AD00EA4F1C /* HeroesFavoritesFactory.swift in Sources */ = {isa = PBXBuildFile; fileRef = 00A015B125E1E4AD00EA4F1C /* HeroesFavoritesFactory.swift */; };
		00A015B525E1EDB100EA4F1C /* HeroesEndpoint.swift in Sources */ = {isa = PBXBuildFile; fileRef = 00A015B425E1EDB100EA4F1C /* HeroesEndpoint.swift */; };
		00A015B725E1EDF500EA4F1C /* HeroesFavoritesService.swift in Sources */ = {isa = PBXBuildFile; fileRef = 00A015B625E1EDF500EA4F1C /* HeroesFavoritesService.swift */; };
		00A015B925E1F2FB00EA4F1C /* HeroesDetailService.swift in Sources */ = {isa = PBXBuildFile; fileRef = 00A015B825E1F2FB00EA4F1C /* HeroesDetailService.swift */; };
		00A015BB25E27CFD00EA4F1C /* DataManager.swift in Sources */ = {isa = PBXBuildFile; fileRef = 00A015BA25E27CFD00EA4F1C /* DataManager.swift */; };
		00A015BD25E287E200EA4F1C /* DependencyContainer.swift in Sources */ = {isa = PBXBuildFile; fileRef = 00A015BC25E287E200EA4F1C /* DependencyContainer.swift */; };
		00A015F425E2890F00EA4F1C /* HasMainQueue.swift in Sources */ = {isa = PBXBuildFile; fileRef = 00A015F325E2890F00EA4F1C /* HasMainQueue.swift */; };
		00A015F625E2893200EA4F1C /* HasDataManager.swift in Sources */ = {isa = PBXBuildFile; fileRef = 00A015F525E2893200EA4F1C /* HasDataManager.swift */; };
		00A015F825E2B8DD00EA4F1C /* CharacterService.swift in Sources */ = {isa = PBXBuildFile; fileRef = 00A015F725E2B8DD00EA4F1C /* CharacterService.swift */; };
		00A0160F25E2C4F900EA4F1C /* HeroesInteractorTests.swift in Sources */ = {isa = PBXBuildFile; fileRef = 00A0160E25E2C4F900EA4F1C /* HeroesInteractorTests.swift */; };
		00CDBB1825DDF99700874E9F /* AppDelegate.swift in Sources */ = {isa = PBXBuildFile; fileRef = 00CDBB1725DDF99700874E9F /* AppDelegate.swift */; };
		00CDBB1A25DDF99700874E9F /* SceneDelegate.swift in Sources */ = {isa = PBXBuildFile; fileRef = 00CDBB1925DDF99700874E9F /* SceneDelegate.swift */; };
		00CDBB2225DDF99700874E9F /* Apeos.xcdatamodeld in Sources */ = {isa = PBXBuildFile; fileRef = 00CDBB2025DDF99700874E9F /* Apeos.xcdatamodeld */; };
		00CDBB2425DDF99800874E9F /* Assets.xcassets in Resources */ = {isa = PBXBuildFile; fileRef = 00CDBB2325DDF99800874E9F /* Assets.xcassets */; };
		00CDBB2725DDF99800874E9F /* LaunchScreen.storyboard in Resources */ = {isa = PBXBuildFile; fileRef = 00CDBB2525DDF99800874E9F /* LaunchScreen.storyboard */; };
		00CDBCC725DDFB1C00874E9F /* HeroesViewController.swift in Sources */ = {isa = PBXBuildFile; fileRef = 00CDBCC625DDFB1C00874E9F /* HeroesViewController.swift */; };
		00CDBCCA25DDFB2D00874E9F /* HeroesDetailViewController.swift in Sources */ = {isa = PBXBuildFile; fileRef = 00CDBCC925DDFB2D00874E9F /* HeroesDetailViewController.swift */; };
		00CDBCCD25DDFB3A00874E9F /* HeroesFavoritesViewController.swift in Sources */ = {isa = PBXBuildFile; fileRef = 00CDBCCC25DDFB3A00874E9F /* HeroesFavoritesViewController.swift */; };
		00E1B86425DE1234003F9E32 /* CryptoSwift in Frameworks */ = {isa = PBXBuildFile; productRef = 00E1B86325DE1234003F9E32 /* CryptoSwift */; };
		00F2945625DF133A00AD2998 /* CharacterViewCell.swift in Sources */ = {isa = PBXBuildFile; fileRef = 00F2945525DF133A00AD2998 /* CharacterViewCell.swift */; };
		00F2945925DF144200AD2998 /* ViewConfiguration.swift in Sources */ = {isa = PBXBuildFile; fileRef = 00F2945825DF144100AD2998 /* ViewConfiguration.swift */; };
		00F2945C25DF174700AD2998 /* Kingfisher in Frameworks */ = {isa = PBXBuildFile; productRef = 00F2945B25DF174700AD2998 /* Kingfisher */; };
		00F2946325DF1A8300AD2998 /* CharacterViewModel.swift in Sources */ = {isa = PBXBuildFile; fileRef = 00F2946225DF1A8300AD2998 /* CharacterViewModel.swift */; };
		00F294CF25DF2C5F00AD2998 /* HeroesPresenter.swift in Sources */ = {isa = PBXBuildFile; fileRef = 00F294CE25DF2C5F00AD2998 /* HeroesPresenter.swift */; };
		00F294D125DF391400AD2998 /* HeroesDetailInteractor.swift in Sources */ = {isa = PBXBuildFile; fileRef = 00F294D025DF391400AD2998 /* HeroesDetailInteractor.swift */; };
		00F294D325DF391B00AD2998 /* HeroesDetailPresenter.swift in Sources */ = {isa = PBXBuildFile; fileRef = 00F294D225DF391B00AD2998 /* HeroesDetailPresenter.swift */; };
		00F294D725DF3E4E00AD2998 /* HeroesFactory.swift in Sources */ = {isa = PBXBuildFile; fileRef = 00F294D625DF3E4E00AD2998 /* HeroesFactory.swift */; };
		00F294D925DF3E9700AD2998 /* HeroesDetailFactory.swift in Sources */ = {isa = PBXBuildFile; fileRef = 00F294D825DF3E9700AD2998 /* HeroesDetailFactory.swift */; };
/* End PBXBuildFile section */

/* Begin PBXContainerItemProxy section */
		00A0160225E2C45200EA4F1C /* PBXContainerItemProxy */ = {
			isa = PBXContainerItemProxy;
			containerPortal = 00CDBB0C25DDF99700874E9F /* Project object */;
			proxyType = 1;
			remoteGlobalIDString = 00CDBB1325DDF99700874E9F;
			remoteInfo = Apeos;
		};
/* End PBXContainerItemProxy section */

/* Begin PBXCopyFilesBuildPhase section */
		0003328225DE034E001DF6FF /* Embed Frameworks */ = {
			isa = PBXCopyFilesBuildPhase;
			buildActionMask = 2147483647;
			dstPath = "";
			dstSubfolderSpec = 10;
			files = (
				0003328125DE034E001DF6FF /* NetworkCore.framework in Embed Frameworks */,
			);
			name = "Embed Frameworks";
			runOnlyForDeploymentPostprocessing = 0;
		};
/* End PBXCopyFilesBuildPhase section */

/* Begin PBXFileReference section */
		0003327F25DE034E001DF6FF /* NetworkCore.framework */ = {isa = PBXFileReference; explicitFileType = wrapper.framework; path = NetworkCore.framework; sourceTree = BUILT_PRODUCTS_DIR; };
		000333E725DE0CA6001DF6FF /* HeroesService.swift */ = {isa = PBXFileReference; lastKnownFileType = sourcecode.swift; path = HeroesService.swift; sourceTree = "<group>"; };
		0079285525DE1535004E4042 /* MarvelResponse.swift */ = {isa = PBXFileReference; lastKnownFileType = sourcecode.swift; path = MarvelResponse.swift; sourceTree = "<group>"; };
		0079285725DE167C004E4042 /* MarvelData.swift */ = {isa = PBXFileReference; lastKnownFileType = sourcecode.swift; path = MarvelData.swift; sourceTree = "<group>"; };
		0079285925DE1684004E4042 /* Character.swift */ = {isa = PBXFileReference; lastKnownFileType = sourcecode.swift; path = Character.swift; sourceTree = "<group>"; };
		0079285B25DE168C004E4042 /* Thumbnail.swift */ = {isa = PBXFileReference; lastKnownFileType = sourcecode.swift; path = Thumbnail.swift; sourceTree = "<group>"; };
		0079285D25DE16EA004E4042 /* HeroesInteractor.swift */ = {isa = PBXFileReference; lastKnownFileType = sourcecode.swift; path = HeroesInteractor.swift; sourceTree = "<group>"; };
		008BEB9725E070290078E3C3 /* TableViewAdapter.swift */ = {isa = PBXFileReference; lastKnownFileType = sourcecode.swift; path = TableViewAdapter.swift; sourceTree = "<group>"; };
		00A0145125E1AE1100EA4F1C /* FeedbackView.swift */ = {isa = PBXFileReference; lastKnownFileType = sourcecode.swift; path = FeedbackView.swift; sourceTree = "<group>"; };
		00A015AD25E1E49800EA4F1C /* HeroesFavoritesInteractor.swift */ = {isa = PBXFileReference; lastKnownFileType = sourcecode.swift; path = HeroesFavoritesInteractor.swift; sourceTree = "<group>"; };
		00A015AF25E1E49F00EA4F1C /* HeroesFavoritesPresenter.swift */ = {isa = PBXFileReference; lastKnownFileType = sourcecode.swift; path = HeroesFavoritesPresenter.swift; sourceTree = "<group>"; };
		00A015B125E1E4AD00EA4F1C /* HeroesFavoritesFactory.swift */ = {isa = PBXFileReference; lastKnownFileType = sourcecode.swift; path = HeroesFavoritesFactory.swift; sourceTree = "<group>"; };
		00A015B425E1EDB100EA4F1C /* HeroesEndpoint.swift */ = {isa = PBXFileReference; lastKnownFileType = sourcecode.swift; path = HeroesEndpoint.swift; sourceTree = "<group>"; };
		00A015B625E1EDF500EA4F1C /* HeroesFavoritesService.swift */ = {isa = PBXFileReference; lastKnownFileType = sourcecode.swift; path = HeroesFavoritesService.swift; sourceTree = "<group>"; };
		00A015B825E1F2FB00EA4F1C /* HeroesDetailService.swift */ = {isa = PBXFileReference; lastKnownFileType = sourcecode.swift; path = HeroesDetailService.swift; sourceTree = "<group>"; };
		00A015BA25E27CFD00EA4F1C /* DataManager.swift */ = {isa = PBXFileReference; lastKnownFileType = sourcecode.swift; path = DataManager.swift; sourceTree = "<group>"; };
		00A015BC25E287E200EA4F1C /* DependencyContainer.swift */ = {isa = PBXFileReference; lastKnownFileType = sourcecode.swift; path = DependencyContainer.swift; sourceTree = "<group>"; };
		00A015F325E2890F00EA4F1C /* HasMainQueue.swift */ = {isa = PBXFileReference; lastKnownFileType = sourcecode.swift; path = HasMainQueue.swift; sourceTree = "<group>"; };
		00A015F525E2893200EA4F1C /* HasDataManager.swift */ = {isa = PBXFileReference; lastKnownFileType = sourcecode.swift; path = HasDataManager.swift; sourceTree = "<group>"; };
		00A015F725E2B8DD00EA4F1C /* CharacterService.swift */ = {isa = PBXFileReference; lastKnownFileType = sourcecode.swift; path = CharacterService.swift; sourceTree = "<group>"; };
		00A015FD25E2C45200EA4F1C /* ApeosTests.xctest */ = {isa = PBXFileReference; explicitFileType = wrapper.cfbundle; includeInIndex = 0; path = ApeosTests.xctest; sourceTree = BUILT_PRODUCTS_DIR; };
		00A0160125E2C45200EA4F1C /* Info.plist */ = {isa = PBXFileReference; lastKnownFileType = text.plist.xml; path = Info.plist; sourceTree = "<group>"; };
		00A0160E25E2C4F900EA4F1C /* HeroesInteractorTests.swift */ = {isa = PBXFileReference; lastKnownFileType = sourcecode.swift; path = HeroesInteractorTests.swift; sourceTree = "<group>"; };
		00CDBB1425DDF99700874E9F /* Apeos.app */ = {isa = PBXFileReference; explicitFileType = wrapper.application; includeInIndex = 0; path = Apeos.app; sourceTree = BUILT_PRODUCTS_DIR; };
		00CDBB1725DDF99700874E9F /* AppDelegate.swift */ = {isa = PBXFileReference; lastKnownFileType = sourcecode.swift; path = AppDelegate.swift; sourceTree = "<group>"; };
		00CDBB1925DDF99700874E9F /* SceneDelegate.swift */ = {isa = PBXFileReference; lastKnownFileType = sourcecode.swift; path = SceneDelegate.swift; sourceTree = "<group>"; };
		00CDBB2125DDF99700874E9F /* Apeos.xcdatamodel */ = {isa = PBXFileReference; lastKnownFileType = wrapper.xcdatamodel; path = Apeos.xcdatamodel; sourceTree = "<group>"; };
		00CDBB2325DDF99800874E9F /* Assets.xcassets */ = {isa = PBXFileReference; lastKnownFileType = folder.assetcatalog; path = Assets.xcassets; sourceTree = "<group>"; };
		00CDBB2625DDF99800874E9F /* Base */ = {isa = PBXFileReference; lastKnownFileType = file.storyboard; name = Base; path = Base.lproj/LaunchScreen.storyboard; sourceTree = "<group>"; };
		00CDBB2825DDF99800874E9F /* Info.plist */ = {isa = PBXFileReference; lastKnownFileType = text.plist.xml; path = Info.plist; sourceTree = "<group>"; };
		00CDBCC625DDFB1C00874E9F /* HeroesViewController.swift */ = {isa = PBXFileReference; lastKnownFileType = sourcecode.swift; path = HeroesViewController.swift; sourceTree = "<group>"; };
		00CDBCC925DDFB2D00874E9F /* HeroesDetailViewController.swift */ = {isa = PBXFileReference; lastKnownFileType = sourcecode.swift; path = HeroesDetailViewController.swift; sourceTree = "<group>"; };
		00CDBCCC25DDFB3A00874E9F /* HeroesFavoritesViewController.swift */ = {isa = PBXFileReference; lastKnownFileType = sourcecode.swift; path = HeroesFavoritesViewController.swift; sourceTree = "<group>"; };
		00F2945525DF133A00AD2998 /* CharacterViewCell.swift */ = {isa = PBXFileReference; lastKnownFileType = sourcecode.swift; path = CharacterViewCell.swift; sourceTree = "<group>"; };
		00F2945825DF144100AD2998 /* ViewConfiguration.swift */ = {isa = PBXFileReference; lastKnownFileType = sourcecode.swift; path = ViewConfiguration.swift; sourceTree = "<group>"; };
		00F2946225DF1A8300AD2998 /* CharacterViewModel.swift */ = {isa = PBXFileReference; lastKnownFileType = sourcecode.swift; path = CharacterViewModel.swift; sourceTree = "<group>"; };
		00F294CE25DF2C5F00AD2998 /* HeroesPresenter.swift */ = {isa = PBXFileReference; lastKnownFileType = sourcecode.swift; path = HeroesPresenter.swift; sourceTree = "<group>"; };
		00F294D025DF391400AD2998 /* HeroesDetailInteractor.swift */ = {isa = PBXFileReference; lastKnownFileType = sourcecode.swift; path = HeroesDetailInteractor.swift; sourceTree = "<group>"; };
		00F294D225DF391B00AD2998 /* HeroesDetailPresenter.swift */ = {isa = PBXFileReference; lastKnownFileType = sourcecode.swift; path = HeroesDetailPresenter.swift; sourceTree = "<group>"; };
		00F294D625DF3E4E00AD2998 /* HeroesFactory.swift */ = {isa = PBXFileReference; lastKnownFileType = sourcecode.swift; path = HeroesFactory.swift; sourceTree = "<group>"; };
		00F294D825DF3E9700AD2998 /* HeroesDetailFactory.swift */ = {isa = PBXFileReference; lastKnownFileType = sourcecode.swift; path = HeroesDetailFactory.swift; sourceTree = "<group>"; };
/* End PBXFileReference section */

/* Begin PBXFrameworksBuildPhase section */
		00A015FA25E2C45200EA4F1C /* Frameworks */ = {
			isa = PBXFrameworksBuildPhase;
			buildActionMask = 2147483647;
			files = (
			);
			runOnlyForDeploymentPostprocessing = 0;
		};
		00CDBB1125DDF99700874E9F /* Frameworks */ = {
			isa = PBXFrameworksBuildPhase;
			buildActionMask = 2147483647;
			files = (
				00F2945C25DF174700AD2998 /* Kingfisher in Frameworks */,
				0003328025DE034E001DF6FF /* NetworkCore.framework in Frameworks */,
				00E1B86425DE1234003F9E32 /* CryptoSwift in Frameworks */,
			);
			runOnlyForDeploymentPostprocessing = 0;
		};
/* End PBXFrameworksBuildPhase section */

/* Begin PBXGroup section */
		0003327E25DE034E001DF6FF /* Frameworks */ = {
			isa = PBXGroup;
			children = (
				0003327F25DE034E001DF6FF /* NetworkCore.framework */,
			);
			name = Frameworks;
			sourceTree = "<group>";
		};
		0079285425DE1529004E4042 /* Models */ = {
			isa = PBXGroup;
			children = (
				0079285525DE1535004E4042 /* MarvelResponse.swift */,
				0079285725DE167C004E4042 /* MarvelData.swift */,
				0079285925DE1684004E4042 /* Character.swift */,
				0079285B25DE168C004E4042 /* Thumbnail.swift */,
			);
			path = Models;
			sourceTree = "<group>";
		};
		00A0145025E1AE0900EA4F1C /* Views */ = {
			isa = PBXGroup;
			children = (
				00A0145125E1AE1100EA4F1C /* FeedbackView.swift */,
			);
			path = Views;
			sourceTree = "<group>";
		};
		00A015B325E1EDA900EA4F1C /* Endpoint */ = {
			isa = PBXGroup;
			children = (
				00A015B425E1EDB100EA4F1C /* HeroesEndpoint.swift */,
			);
			path = Endpoint;
			sourceTree = "<group>";
		};
		00A015FE25E2C45200EA4F1C /* ApeosTests */ = {
			isa = PBXGroup;
			children = (
				00A0160825E2C45B00EA4F1C /* Scenes */,
				00A0160125E2C45200EA4F1C /* Info.plist */,
			);
			path = ApeosTests;
			sourceTree = "<group>";
		};
		00A0160825E2C45B00EA4F1C /* Scenes */ = {
			isa = PBXGroup;
			children = (
				00A0160925E2C48900EA4F1C /* Heroes */,
				00A0160A25E2C49100EA4F1C /* HeroesDetail */,
				00A0160B25E2C49800EA4F1C /* HeroesFavorites */,
			);
			path = Scenes;
			sourceTree = "<group>";
		};
		00A0160925E2C48900EA4F1C /* Heroes */ = {
			isa = PBXGroup;
			children = (
				00A0160E25E2C4F900EA4F1C /* HeroesInteractorTests.swift */,
			);
			path = Heroes;
			sourceTree = "<group>";
		};
		00A0160A25E2C49100EA4F1C /* HeroesDetail */ = {
			isa = PBXGroup;
			children = (
			);
			path = HeroesDetail;
			sourceTree = "<group>";
		};
		00A0160B25E2C49800EA4F1C /* HeroesFavorites */ = {
			isa = PBXGroup;
			children = (
			);
			path = HeroesFavorites;
			sourceTree = "<group>";
		};
		00CDBB0B25DDF99700874E9F = {
			isa = PBXGroup;
			children = (
				00CDBB1625DDF99700874E9F /* Apeos */,
				00A015FE25E2C45200EA4F1C /* ApeosTests */,
				00CDBB1525DDF99700874E9F /* Products */,
				0003327E25DE034E001DF6FF /* Frameworks */,
			);
			sourceTree = "<group>";
		};
		00CDBB1525DDF99700874E9F /* Products */ = {
			isa = PBXGroup;
			children = (
				00CDBB1425DDF99700874E9F /* Apeos.app */,
				00A015FD25E2C45200EA4F1C /* ApeosTests.xctest */,
			);
			name = Products;
			sourceTree = "<group>";
		};
		00CDBB1625DDF99700874E9F /* Apeos */ = {
			isa = PBXGroup;
			children = (
				00CDBB1725DDF99700874E9F /* AppDelegate.swift */,
				00CDBB1925DDF99700874E9F /* SceneDelegate.swift */,
				00F2945725DF143200AD2998 /* Helpers */,
				00CDBCC025DDFABF00874E9F /* Resources */,
				0079285425DE1529004E4042 /* Models */,
				00CDBC8925DDFA6200874E9F /* Scenes */,
			);
			path = Apeos;
			sourceTree = "<group>";
		};
		00CDBC8925DDFA6200874E9F /* Scenes */ = {
			isa = PBXGroup;
			children = (
				00CDBCC225DDFADC00874E9F /* Heroes */,
				00CDBCC425DDFAF100874E9F /* HeroesDetail */,
				00CDBCC525DDFAFE00874E9F /* HeroesFavorites */,
			);
			path = Scenes;
			sourceTree = "<group>";
		};
		00CDBCC025DDFABF00874E9F /* Resources */ = {
			isa = PBXGroup;
			children = (
				00CDBB2325DDF99800874E9F /* Assets.xcassets */,
				00CDBB2525DDF99800874E9F /* LaunchScreen.storyboard */,
				00CDBB2825DDF99800874E9F /* Info.plist */,
				00CDBB2025DDF99700874E9F /* Apeos.xcdatamodeld */,
			);
			path = Resources;
			sourceTree = "<group>";
		};
		00CDBCC225DDFADC00874E9F /* Heroes */ = {
			isa = PBXGroup;
			children = (
				00A015B325E1EDA900EA4F1C /* Endpoint */,
				00F2945425DF132900AD2998 /* Cell */,
				00CDBCC625DDFB1C00874E9F /* HeroesViewController.swift */,
				0079285D25DE16EA004E4042 /* HeroesInteractor.swift */,
				00F294CE25DF2C5F00AD2998 /* HeroesPresenter.swift */,
				000333E725DE0CA6001DF6FF /* HeroesService.swift */,
				00F294D625DF3E4E00AD2998 /* HeroesFactory.swift */,
			);
			path = Heroes;
			sourceTree = "<group>";
		};
		00CDBCC425DDFAF100874E9F /* HeroesDetail */ = {
			isa = PBXGroup;
			children = (
				00CDBCC925DDFB2D00874E9F /* HeroesDetailViewController.swift */,
				00F294D025DF391400AD2998 /* HeroesDetailInteractor.swift */,
				00F294D225DF391B00AD2998 /* HeroesDetailPresenter.swift */,
				00F294D825DF3E9700AD2998 /* HeroesDetailFactory.swift */,
				00A015B825E1F2FB00EA4F1C /* HeroesDetailService.swift */,
			);
			path = HeroesDetail;
			sourceTree = "<group>";
		};
		00CDBCC525DDFAFE00874E9F /* HeroesFavorites */ = {
			isa = PBXGroup;
			children = (
				00CDBCCC25DDFB3A00874E9F /* HeroesFavoritesViewController.swift */,
				00A015AD25E1E49800EA4F1C /* HeroesFavoritesInteractor.swift */,
				00A015AF25E1E49F00EA4F1C /* HeroesFavoritesPresenter.swift */,
				00A015B625E1EDF500EA4F1C /* HeroesFavoritesService.swift */,
				00A015B125E1E4AD00EA4F1C /* HeroesFavoritesFactory.swift */,
			);
			path = HeroesFavorites;
			sourceTree = "<group>";
		};
		00F2945425DF132900AD2998 /* Cell */ = {
			isa = PBXGroup;
			children = (
				00F2945525DF133A00AD2998 /* CharacterViewCell.swift */,
				00F2946225DF1A8300AD2998 /* CharacterViewModel.swift */,
				00A015F725E2B8DD00EA4F1C /* CharacterService.swift */,
			);
			path = Cell;
			sourceTree = "<group>";
		};
		00F2945725DF143200AD2998 /* Helpers */ = {
			isa = PBXGroup;
			children = (
				00A0145025E1AE0900EA4F1C /* Views */,
				00F2945825DF144100AD2998 /* ViewConfiguration.swift */,
				008BEB9725E070290078E3C3 /* TableViewAdapter.swift */,
				00A015BA25E27CFD00EA4F1C /* DataManager.swift */,
				00A015BC25E287E200EA4F1C /* DependencyContainer.swift */,
				00A015F325E2890F00EA4F1C /* HasMainQueue.swift */,
				00A015F525E2893200EA4F1C /* HasDataManager.swift */,
			);
			path = Helpers;
			sourceTree = "<group>";
		};
/* End PBXGroup section */

/* Begin PBXNativeTarget section */
		00A015FC25E2C45200EA4F1C /* ApeosTests */ = {
			isa = PBXNativeTarget;
			buildConfigurationList = 00A0160425E2C45200EA4F1C /* Build configuration list for PBXNativeTarget "ApeosTests" */;
			buildPhases = (
				00A015F925E2C45200EA4F1C /* Sources */,
				00A015FA25E2C45200EA4F1C /* Frameworks */,
				00A015FB25E2C45200EA4F1C /* Resources */,
			);
			buildRules = (
			);
			dependencies = (
				00A0160325E2C45200EA4F1C /* PBXTargetDependency */,
			);
			name = ApeosTests;
			productName = ApeosTests;
			productReference = 00A015FD25E2C45200EA4F1C /* ApeosTests.xctest */;
			productType = "com.apple.product-type.bundle.unit-test";
		};
		00CDBB1325DDF99700874E9F /* Apeos */ = {
			isa = PBXNativeTarget;
			buildConfigurationList = 00CDBB2B25DDF99800874E9F /* Build configuration list for PBXNativeTarget "Apeos" */;
			buildPhases = (
				00CDBB1025DDF99700874E9F /* Sources */,
				00CDBB1125DDF99700874E9F /* Frameworks */,
				00CDBB1225DDF99700874E9F /* Resources */,
				0003328225DE034E001DF6FF /* Embed Frameworks */,
			);
			buildRules = (
			);
			dependencies = (
			);
			name = Apeos;
			packageProductDependencies = (
				00E1B86325DE1234003F9E32 /* CryptoSwift */,
				00F2945B25DF174700AD2998 /* Kingfisher */,
			);
			productName = Apeos;
			productReference = 00CDBB1425DDF99700874E9F /* Apeos.app */;
			productType = "com.apple.product-type.application";
		};
/* End PBXNativeTarget section */

/* Begin PBXProject section */
		00CDBB0C25DDF99700874E9F /* Project object */ = {
			isa = PBXProject;
			attributes = {
				LastSwiftUpdateCheck = 1240;
				LastUpgradeCheck = 1240;
				TargetAttributes = {
					00A015FC25E2C45200EA4F1C = {
						CreatedOnToolsVersion = 12.4;
						LastSwiftMigration = 1240;
						TestTargetID = 00CDBB1325DDF99700874E9F;
					};
					00CDBB1325DDF99700874E9F = {
						CreatedOnToolsVersion = 12.4;
					};
				};
			};
			buildConfigurationList = 00CDBB0F25DDF99700874E9F /* Build configuration list for PBXProject "Apeos" */;
			compatibilityVersion = "Xcode 9.3";
			developmentRegion = en;
			hasScannedForEncodings = 0;
			knownRegions = (
				en,
				Base,
			);
			mainGroup = 00CDBB0B25DDF99700874E9F;
			packageReferences = (
				00E1B86225DE1234003F9E32 /* XCRemoteSwiftPackageReference "CryptoSwift" */,
				00F2945A25DF174700AD2998 /* XCRemoteSwiftPackageReference "Kingfisher" */,
			);
			productRefGroup = 00CDBB1525DDF99700874E9F /* Products */;
			projectDirPath = "";
			projectRoot = "";
			targets = (
				00CDBB1325DDF99700874E9F /* Apeos */,
				00A015FC25E2C45200EA4F1C /* ApeosTests */,
			);
		};
/* End PBXProject section */

/* Begin PBXResourcesBuildPhase section */
		00A015FB25E2C45200EA4F1C /* Resources */ = {
			isa = PBXResourcesBuildPhase;
			buildActionMask = 2147483647;
			files = (
			);
			runOnlyForDeploymentPostprocessing = 0;
		};
		00CDBB1225DDF99700874E9F /* Resources */ = {
			isa = PBXResourcesBuildPhase;
			buildActionMask = 2147483647;
			files = (
				00CDBB2725DDF99800874E9F /* LaunchScreen.storyboard in Resources */,
				00CDBB2425DDF99800874E9F /* Assets.xcassets in Resources */,
			);
			runOnlyForDeploymentPostprocessing = 0;
		};
/* End PBXResourcesBuildPhase section */

/* Begin PBXSourcesBuildPhase section */
		00A015F925E2C45200EA4F1C /* Sources */ = {
			isa = PBXSourcesBuildPhase;
			buildActionMask = 2147483647;
			files = (
				00A0160F25E2C4F900EA4F1C /* HeroesInteractorTests.swift in Sources */,
			);
			runOnlyForDeploymentPostprocessing = 0;
		};
		00CDBB1025DDF99700874E9F /* Sources */ = {
			isa = PBXSourcesBuildPhase;
			buildActionMask = 2147483647;
			files = (
				00A015F625E2893200EA4F1C /* HasDataManager.swift in Sources */,
				00A015BB25E27CFD00EA4F1C /* DataManager.swift in Sources */,
				00CDBB1825DDF99700874E9F /* AppDelegate.swift in Sources */,
				00CDBB2225DDF99700874E9F /* Apeos.xcdatamodeld in Sources */,
				00CDBCC725DDFB1C00874E9F /* HeroesViewController.swift in Sources */,
				000333E825DE0CA6001DF6FF /* HeroesService.swift in Sources */,
				00A015F825E2B8DD00EA4F1C /* CharacterService.swift in Sources */,
				0079285825DE167C004E4042 /* MarvelData.swift in Sources */,
				00F2945925DF144200AD2998 /* ViewConfiguration.swift in Sources */,
				00CDBCCA25DDFB2D00874E9F /* HeroesDetailViewController.swift in Sources */,
				00A015F425E2890F00EA4F1C /* HasMainQueue.swift in Sources */,
				0079285625DE1535004E4042 /* MarvelResponse.swift in Sources */,
				00A015B225E1E4AD00EA4F1C /* HeroesFavoritesFactory.swift in Sources */,
				0079285A25DE1684004E4042 /* Character.swift in Sources */,
				00A0145225E1AE1100EA4F1C /* FeedbackView.swift in Sources */,
				00A015B025E1E49F00EA4F1C /* HeroesFavoritesPresenter.swift in Sources */,
				00A015B725E1EDF500EA4F1C /* HeroesFavoritesService.swift in Sources */,
				00CDBCCD25DDFB3A00874E9F /* HeroesFavoritesViewController.swift in Sources */,
				00F294D725DF3E4E00AD2998 /* HeroesFactory.swift in Sources */,
				00A015BD25E287E200EA4F1C /* DependencyContainer.swift in Sources */,
				00F294D125DF391400AD2998 /* HeroesDetailInteractor.swift in Sources */,
				00F2946325DF1A8300AD2998 /* CharacterViewModel.swift in Sources */,
				00F294D925DF3E9700AD2998 /* HeroesDetailFactory.swift in Sources */,
				00CDBB1A25DDF99700874E9F /* SceneDelegate.swift in Sources */,
				00F294D325DF391B00AD2998 /* HeroesDetailPresenter.swift in Sources */,
				0079285E25DE16EA004E4042 /* HeroesInteractor.swift in Sources */,
				00A015AE25E1E49800EA4F1C /* HeroesFavoritesInteractor.swift in Sources */,
				008BEB9825E070290078E3C3 /* TableViewAdapter.swift in Sources */,
				00A015B525E1EDB100EA4F1C /* HeroesEndpoint.swift in Sources */,
				00F2945625DF133A00AD2998 /* CharacterViewCell.swift in Sources */,
				00F294CF25DF2C5F00AD2998 /* HeroesPresenter.swift in Sources */,
				00A015B925E1F2FB00EA4F1C /* HeroesDetailService.swift in Sources */,
				0079285C25DE168C004E4042 /* Thumbnail.swift in Sources */,
			);
			runOnlyForDeploymentPostprocessing = 0;
		};
/* End PBXSourcesBuildPhase section */

/* Begin PBXTargetDependency section */
		00A0160325E2C45200EA4F1C /* PBXTargetDependency */ = {
			isa = PBXTargetDependency;
			target = 00CDBB1325DDF99700874E9F /* Apeos */;
			targetProxy = 00A0160225E2C45200EA4F1C /* PBXContainerItemProxy */;
		};
/* End PBXTargetDependency section */

/* Begin PBXVariantGroup section */
		00CDBB2525DDF99800874E9F /* LaunchScreen.storyboard */ = {
			isa = PBXVariantGroup;
			children = (
				00CDBB2625DDF99800874E9F /* Base */,
			);
			name = LaunchScreen.storyboard;
			sourceTree = "<group>";
		};
/* End PBXVariantGroup section */

/* Begin XCBuildConfiguration section */
		00A0160525E2C45200EA4F1C /* Debug */ = {
			isa = XCBuildConfiguration;
			buildSettings = {
				BUNDLE_LOADER = "$(TEST_HOST)";
				CLANG_ENABLE_MODULES = YES;
				CODE_SIGN_STYLE = Automatic;
				DEVELOPMENT_TEAM = 7NLXNBJL35;
				INFOPLIST_FILE = ApeosTests/Info.plist;
				LD_RUNPATH_SEARCH_PATHS = (
					"$(inherited)",
					"@executable_path/Frameworks",
					"@loader_path/Frameworks",
				);
				PRODUCT_BUNDLE_IDENTIFIER = com.vinicius.ApeosTests;
				PRODUCT_NAME = "$(TARGET_NAME)";
				SWIFT_OBJC_BRIDGING_HEADER = "";
				SWIFT_OPTIMIZATION_LEVEL = "-Onone";
				SWIFT_VERSION = 5.0;
				TARGETED_DEVICE_FAMILY = "1,2";
				TEST_HOST = "$(BUILT_PRODUCTS_DIR)/Apeos.app/Apeos";
			};
			name = Debug;
		};
		00A0160625E2C45200EA4F1C /* Release */ = {
			isa = XCBuildConfiguration;
			buildSettings = {
				BUNDLE_LOADER = "$(TEST_HOST)";
				CLANG_ENABLE_MODULES = YES;
				CODE_SIGN_STYLE = Automatic;
				DEVELOPMENT_TEAM = 7NLXNBJL35;
				INFOPLIST_FILE = ApeosTests/Info.plist;
				LD_RUNPATH_SEARCH_PATHS = (
					"$(inherited)",
					"@executable_path/Frameworks",
					"@loader_path/Frameworks",
				);
				PRODUCT_BUNDLE_IDENTIFIER = com.vinicius.ApeosTests;
				PRODUCT_NAME = "$(TARGET_NAME)";
				SWIFT_OBJC_BRIDGING_HEADER = "";
				SWIFT_VERSION = 5.0;
				TARGETED_DEVICE_FAMILY = "1,2";
				TEST_HOST = "$(BUILT_PRODUCTS_DIR)/Apeos.app/Apeos";
			};
			name = Release;
		};
		00CDBB2925DDF99800874E9F /* Debug */ = {
			isa = XCBuildConfiguration;
			buildSettings = {
				ALWAYS_SEARCH_USER_PATHS = NO;
				CLANG_ANALYZER_NONNULL = YES;
				CLANG_ANALYZER_NUMBER_OBJECT_CONVERSION = YES_AGGRESSIVE;
				CLANG_CXX_LANGUAGE_STANDARD = "gnu++14";
				CLANG_CXX_LIBRARY = "libc++";
				CLANG_ENABLE_MODULES = YES;
				CLANG_ENABLE_OBJC_ARC = YES;
				CLANG_ENABLE_OBJC_WEAK = YES;
				CLANG_WARN_BLOCK_CAPTURE_AUTORELEASING = YES;
				CLANG_WARN_BOOL_CONVERSION = YES;
				CLANG_WARN_COMMA = YES;
				CLANG_WARN_CONSTANT_CONVERSION = YES;
				CLANG_WARN_DEPRECATED_OBJC_IMPLEMENTATIONS = YES;
				CLANG_WARN_DIRECT_OBJC_ISA_USAGE = YES_ERROR;
				CLANG_WARN_DOCUMENTATION_COMMENTS = YES;
				CLANG_WARN_EMPTY_BODY = YES;
				CLANG_WARN_ENUM_CONVERSION = YES;
				CLANG_WARN_INFINITE_RECURSION = YES;
				CLANG_WARN_INT_CONVERSION = YES;
				CLANG_WARN_NON_LITERAL_NULL_CONVERSION = YES;
				CLANG_WARN_OBJC_IMPLICIT_RETAIN_SELF = YES;
				CLANG_WARN_OBJC_LITERAL_CONVERSION = YES;
				CLANG_WARN_OBJC_ROOT_CLASS = YES_ERROR;
				CLANG_WARN_QUOTED_INCLUDE_IN_FRAMEWORK_HEADER = YES;
				CLANG_WARN_RANGE_LOOP_ANALYSIS = YES;
				CLANG_WARN_STRICT_PROTOTYPES = YES;
				CLANG_WARN_SUSPICIOUS_MOVE = YES;
				CLANG_WARN_UNGUARDED_AVAILABILITY = YES_AGGRESSIVE;
				CLANG_WARN_UNREACHABLE_CODE = YES;
				CLANG_WARN__DUPLICATE_METHOD_MATCH = YES;
				COPY_PHASE_STRIP = NO;
				DEBUG_INFORMATION_FORMAT = dwarf;
				ENABLE_STRICT_OBJC_MSGSEND = YES;
				ENABLE_TESTABILITY = YES;
				GCC_C_LANGUAGE_STANDARD = gnu11;
				GCC_DYNAMIC_NO_PIC = NO;
				GCC_NO_COMMON_BLOCKS = YES;
				GCC_OPTIMIZATION_LEVEL = 0;
				GCC_PREPROCESSOR_DEFINITIONS = (
					"DEBUG=1",
					"$(inherited)",
				);
				GCC_WARN_64_TO_32_BIT_CONVERSION = YES;
				GCC_WARN_ABOUT_RETURN_TYPE = YES_ERROR;
				GCC_WARN_UNDECLARED_SELECTOR = YES;
				GCC_WARN_UNINITIALIZED_AUTOS = YES_AGGRESSIVE;
				GCC_WARN_UNUSED_FUNCTION = YES;
				GCC_WARN_UNUSED_VARIABLE = YES;
				IPHONEOS_DEPLOYMENT_TARGET = 14.4;
				MTL_ENABLE_DEBUG_INFO = INCLUDE_SOURCE;
				MTL_FAST_MATH = YES;
				ONLY_ACTIVE_ARCH = YES;
				SDKROOT = iphoneos;
				SWIFT_ACTIVE_COMPILATION_CONDITIONS = DEBUG;
				SWIFT_OPTIMIZATION_LEVEL = "-Onone";
			};
			name = Debug;
		};
		00CDBB2A25DDF99800874E9F /* Release */ = {
			isa = XCBuildConfiguration;
			buildSettings = {
				ALWAYS_SEARCH_USER_PATHS = NO;
				CLANG_ANALYZER_NONNULL = YES;
				CLANG_ANALYZER_NUMBER_OBJECT_CONVERSION = YES_AGGRESSIVE;
				CLANG_CXX_LANGUAGE_STANDARD = "gnu++14";
				CLANG_CXX_LIBRARY = "libc++";
				CLANG_ENABLE_MODULES = YES;
				CLANG_ENABLE_OBJC_ARC = YES;
				CLANG_ENABLE_OBJC_WEAK = YES;
				CLANG_WARN_BLOCK_CAPTURE_AUTORELEASING = YES;
				CLANG_WARN_BOOL_CONVERSION = YES;
				CLANG_WARN_COMMA = YES;
				CLANG_WARN_CONSTANT_CONVERSION = YES;
				CLANG_WARN_DEPRECATED_OBJC_IMPLEMENTATIONS = YES;
				CLANG_WARN_DIRECT_OBJC_ISA_USAGE = YES_ERROR;
				CLANG_WARN_DOCUMENTATION_COMMENTS = YES;
				CLANG_WARN_EMPTY_BODY = YES;
				CLANG_WARN_ENUM_CONVERSION = YES;
				CLANG_WARN_INFINITE_RECURSION = YES;
				CLANG_WARN_INT_CONVERSION = YES;
				CLANG_WARN_NON_LITERAL_NULL_CONVERSION = YES;
				CLANG_WARN_OBJC_IMPLICIT_RETAIN_SELF = YES;
				CLANG_WARN_OBJC_LITERAL_CONVERSION = YES;
				CLANG_WARN_OBJC_ROOT_CLASS = YES_ERROR;
				CLANG_WARN_QUOTED_INCLUDE_IN_FRAMEWORK_HEADER = YES;
				CLANG_WARN_RANGE_LOOP_ANALYSIS = YES;
				CLANG_WARN_STRICT_PROTOTYPES = YES;
				CLANG_WARN_SUSPICIOUS_MOVE = YES;
				CLANG_WARN_UNGUARDED_AVAILABILITY = YES_AGGRESSIVE;
				CLANG_WARN_UNREACHABLE_CODE = YES;
				CLANG_WARN__DUPLICATE_METHOD_MATCH = YES;
				COPY_PHASE_STRIP = NO;
				DEBUG_INFORMATION_FORMAT = "dwarf-with-dsym";
				ENABLE_NS_ASSERTIONS = NO;
				ENABLE_STRICT_OBJC_MSGSEND = YES;
				GCC_C_LANGUAGE_STANDARD = gnu11;
				GCC_NO_COMMON_BLOCKS = YES;
				GCC_WARN_64_TO_32_BIT_CONVERSION = YES;
				GCC_WARN_ABOUT_RETURN_TYPE = YES_ERROR;
				GCC_WARN_UNDECLARED_SELECTOR = YES;
				GCC_WARN_UNINITIALIZED_AUTOS = YES_AGGRESSIVE;
				GCC_WARN_UNUSED_FUNCTION = YES;
				GCC_WARN_UNUSED_VARIABLE = YES;
				IPHONEOS_DEPLOYMENT_TARGET = 14.4;
				MTL_ENABLE_DEBUG_INFO = NO;
				MTL_FAST_MATH = YES;
				SDKROOT = iphoneos;
				SWIFT_COMPILATION_MODE = wholemodule;
				SWIFT_OPTIMIZATION_LEVEL = "-O";
				VALIDATE_PRODUCT = YES;
			};
			name = Release;
		};
		00CDBB2C25DDF99800874E9F /* Debug */ = {
			isa = XCBuildConfiguration;
			buildSettings = {
				ASSETCATALOG_COMPILER_APPICON_NAME = AppIcon;
				ASSETCATALOG_COMPILER_GLOBAL_ACCENT_COLOR_NAME = AccentColor;
				CODE_SIGN_STYLE = Automatic;
				DEVELOPMENT_TEAM = 7NLXNBJL35;
				INFOPLIST_FILE = Apeos/Resources/Info.plist;
				LD_RUNPATH_SEARCH_PATHS = (
					"$(inherited)",
					"@executable_path/Frameworks",
				);
				PRODUCT_BUNDLE_IDENTIFIER = com.vinicius.Apeos;
				PRODUCT_NAME = "$(TARGET_NAME)";
				SWIFT_VERSION = 5.0;
				TARGETED_DEVICE_FAMILY = "1,2";
			};
			name = Debug;
		};
		00CDBB2D25DDF99800874E9F /* Release */ = {
			isa = XCBuildConfiguration;
			buildSettings = {
				ASSETCATALOG_COMPILER_APPICON_NAME = AppIcon;
				ASSETCATALOG_COMPILER_GLOBAL_ACCENT_COLOR_NAME = AccentColor;
				CODE_SIGN_STYLE = Automatic;
				DEVELOPMENT_TEAM = 7NLXNBJL35;
				INFOPLIST_FILE = Apeos/Resources/Info.plist;
				LD_RUNPATH_SEARCH_PATHS = (
					"$(inherited)",
					"@executable_path/Frameworks",
				);
				PRODUCT_BUNDLE_IDENTIFIER = com.vinicius.Apeos;
				PRODUCT_NAME = "$(TARGET_NAME)";
				SWIFT_VERSION = 5.0;
				TARGETED_DEVICE_FAMILY = "1,2";
			};
			name = Release;
		};
/* End XCBuildConfiguration section */

/* Begin XCConfigurationList section */
		00A0160425E2C45200EA4F1C /* Build configuration list for PBXNativeTarget "ApeosTests" */ = {
			isa = XCConfigurationList;
			buildConfigurations = (
				00A0160525E2C45200EA4F1C /* Debug */,
				00A0160625E2C45200EA4F1C /* Release */,
			);
			defaultConfigurationIsVisible = 0;
			defaultConfigurationName = Release;
		};
		00CDBB0F25DDF99700874E9F /* Build configuration list for PBXProject "Apeos" */ = {
			isa = XCConfigurationList;
			buildConfigurations = (
				00CDBB2925DDF99800874E9F /* Debug */,
				00CDBB2A25DDF99800874E9F /* Release */,
			);
			defaultConfigurationIsVisible = 0;
			defaultConfigurationName = Release;
		};
		00CDBB2B25DDF99800874E9F /* Build configuration list for PBXNativeTarget "Apeos" */ = {
			isa = XCConfigurationList;
			buildConfigurations = (
				00CDBB2C25DDF99800874E9F /* Debug */,
				00CDBB2D25DDF99800874E9F /* Release */,
			);
			defaultConfigurationIsVisible = 0;
			defaultConfigurationName = Release;
		};
/* End XCConfigurationList section */

/* Begin XCRemoteSwiftPackageReference section */
		00E1B86225DE1234003F9E32 /* XCRemoteSwiftPackageReference "CryptoSwift" */ = {
			isa = XCRemoteSwiftPackageReference;
			repositoryURL = "https://github.com/krzyzanowskim/CryptoSwift.git";
			requirement = {
				kind = upToNextMajorVersion;
				minimumVersion = 1.3.8;
			};
		};
		00F2945A25DF174700AD2998 /* XCRemoteSwiftPackageReference "Kingfisher" */ = {
			isa = XCRemoteSwiftPackageReference;
			repositoryURL = "https://github.com/onevcat/Kingfisher.git";
			requirement = {
				kind = upToNextMajorVersion;
				minimumVersion = 6.1.1;
			};
		};
/* End XCRemoteSwiftPackageReference section */

/* Begin XCSwiftPackageProductDependency section */
		00E1B86325DE1234003F9E32 /* CryptoSwift */ = {
			isa = XCSwiftPackageProductDependency;
			package = 00E1B86225DE1234003F9E32 /* XCRemoteSwiftPackageReference "CryptoSwift" */;
			productName = CryptoSwift;
		};
		00F2945B25DF174700AD2998 /* Kingfisher */ = {
			isa = XCSwiftPackageProductDependency;
			package = 00F2945A25DF174700AD2998 /* XCRemoteSwiftPackageReference "Kingfisher" */;
			productName = Kingfisher;
		};
/* End XCSwiftPackageProductDependency section */

/* Begin XCVersionGroup section */
		00CDBB2025DDF99700874E9F /* Apeos.xcdatamodeld */ = {
			isa = XCVersionGroup;
			children = (
				00CDBB2125DDF99700874E9F /* Apeos.xcdatamodel */,
			);
			currentVersion = 00CDBB2125DDF99700874E9F /* Apeos.xcdatamodel */;
			path = Apeos.xcdatamodeld;
			sourceTree = "<group>";
			versionGroupType = wrapper.xcdatamodel;
		};
/* End XCVersionGroup section */
	};
	rootObject = 00CDBB0C25DDF99700874E9F /* Project object */;
}
